{
  "name": "accessc",
  "lockfileVersion": 3,
  "requires": true,
  "packages": {
    "": {
      "dependencies": {
        "cal": "file:../cal/cal-1.0.0.tgz"
      }
    },
    "node_modules/cal": {
      "version": "1.0.0",
      "resolved": "file:../cal/cal-1.0.0.tgz",
      "integrity": "sha512-V0AH1hmiD4j0bbIuz7hfZ0/QPdB8ZApzokP6IqEy6OUMCQivvAnq8wfwfpoiXzSHMOYDQuRBZf+xfBqdeSihFA==",
      "license": "ISC"
    }
  }
}
